{
  "requires": true,
  "lockfileVersion": 1,
  "dependencies": {
    "@hyoga/uni-socket.io": {
      "version": "3.0.4",
      "resolved": "https://registry.npmmirror.com/@hyoga/uni-socket.io/-/uni-socket.io-3.0.4.tgz",
      "integrity": "sha512-m04M/ALXpTWcKoJGPDMzJosmzuopyAXF51DFN/qxLyXnbCFeQwsWOXT/XNLl4aWoBVGwQ7IptECFFRCA6z5C8A=="
    },
    "crypto": {
      "version": "1.0.1",
      "resolved": "https://registry.npmmirror.com/crypto/-/crypto-1.0.1.tgz",
      "integrity": "sha512-VxBKmeNcqQdiUQUW2Tzq0t377b54N2bMtXO/qiLa+6eRRmmC4qT3D4OnTGoT/U6O9aklQ/jTwbOtRMTTY8G0Ig=="
    },
    "crypto-js": {
      "version": "4.1.1",
      "resolved": "https://registry.npmmirror.com/crypto-js/-/crypto-js-4.1.1.tgz",
      "integrity": "sha512-o2JlM7ydqd3Qk9CA0L4NL6mTzU2sdx96a+oOfPu8Mkl/PK51vSyoi8/rQ8NknZtk44vq15lmhAj9CIAGwgeWKw=="
    },
    "jsencrypt": {
      "version": "3.3.2",
      "resolved": "https://registry.npmmirror.com/jsencrypt/-/jsencrypt-3.3.2.tgz",
      "integrity": "sha512-arQR1R1ESGdAxY7ZheWr12wCaF2yF47v5qpB76TtV64H1pyGudk9Hvw8Y9tb/FiTIaaTRUyaSnm5T/Y53Ghm/A=="
    }
  }
}
